// !$*UTF8*$!
{
	archiveVersion = 1;
	classes = {
	};
	objectVersion = 46;
	objects = {

/* Begin PBXBuildFile section */
		A627E99216500A97001142D5 /* SpecialConstant.m in Sources */ = {isa = PBXBuildFile; fileRef = A627E99116500A97001142D5 /* SpecialConstant.m */; };
		A627E99816500AA4001142D5 /* ClearCommand.m in Sources */ = {isa = PBXBuildFile; fileRef = A627E99516500AA4001142D5 /* ClearCommand.m */; };
		A627E99916500AA4001142D5 /* Command.mm in Sources */ = {isa = PBXBuildFile; fileRef = A627E99716500AA4001142D5 /* Command.mm */; };
		A6292C8A16605DFC00C2C554 /* Data.m in Sources */ = {isa = PBXBuildFile; fileRef = A6292C8916605DFC00C2C554 /* Data.m */; };
		A6292C9A166075B800C2C554 /* ExpressionList.m in Sources */ = {isa = PBXBuildFile; fileRef = A6292C99166075B800C2C554 /* ExpressionList.m */; };
		A639F25516609970000C5E02 /* Integer.m in Sources */ = {isa = PBXBuildFile; fileRef = A639F25416609970000C5E02 /* Integer.m */; };
		A639F2581660997C000C5E02 /* Number.m in Sources */ = {isa = PBXBuildFile; fileRef = A639F2571660997C000C5E02 /* Number.m */; };
		A639F25B16609995000C5E02 /* Fraction.m in Sources */ = {isa = PBXBuildFile; fileRef = A639F25A16609995000C5E02 /* Fraction.m */; };
		A639F25E1660A06C000C5E02 /* NumberData.m in Sources */ = {isa = PBXBuildFile; fileRef = A639F25D1660A06A000C5E02 /* NumberData.m */; };
		A67415611650266600C33D7C /* AssignCommand.m in Sources */ = {isa = PBXBuildFile; fileRef = A67415601650266600C33D7C /* AssignCommand.m */; };
		A676C0A1164CC20E00C0F859 /* UIKit.framework in Frameworks */ = {isa = PBXBuildFile; fileRef = A676C0A0164CC20E00C0F859 /* UIKit.framework */; };
		A676C0A3164CC20E00C0F859 /* Foundation.framework in Frameworks */ = {isa = PBXBuildFile; fileRef = A676C0A2164CC20E00C0F859 /* Foundation.framework */; };
		A676C0A5164CC20E00C0F859 /* CoreGraphics.framework in Frameworks */ = {isa = PBXBuildFile; fileRef = A676C0A4164CC20E00C0F859 /* CoreGraphics.framework */; };
		A676C0AB164CC20E00C0F859 /* InfoPlist.strings in Resources */ = {isa = PBXBuildFile; fileRef = A676C0A9164CC20E00C0F859 /* InfoPlist.strings */; };
		A676C0AD164CC20E00C0F859 /* main.m in Sources */ = {isa = PBXBuildFile; fileRef = A676C0AC164CC20E00C0F859 /* main.m */; };
		A676C0B1164CC20E00C0F859 /* IDCAppDelegate.m in Sources */ = {isa = PBXBuildFile; fileRef = A676C0B0164CC20E00C0F859 /* IDCAppDelegate.m */; };
		A676C0BD164CC20E00C0F859 /* Storyboard_iPad.storyboard in Resources */ = {isa = PBXBuildFile; fileRef = A676C0BB164CC20E00C0F859 /* Storyboard_iPad.storyboard */; };
		A676C0C0164CC20E00C0F859 /* IDCViewController.m in Sources */ = {isa = PBXBuildFile; fileRef = A676C0BF164CC20E00C0F859 /* IDCViewController.m */; };
		A676C0C8164CC20F00C0F859 /* SenTestingKit.framework in Frameworks */ = {isa = PBXBuildFile; fileRef = A676C0C7164CC20F00C0F859 /* SenTestingKit.framework */; };
		A676C0C9164CC20F00C0F859 /* UIKit.framework in Frameworks */ = {isa = PBXBuildFile; fileRef = A676C0A0164CC20E00C0F859 /* UIKit.framework */; };
		A676C0CA164CC20F00C0F859 /* Foundation.framework in Frameworks */ = {isa = PBXBuildFile; fileRef = A676C0A2164CC20E00C0F859 /* Foundation.framework */; };
		A676C0D2164CC20F00C0F859 /* InfoPlist.strings in Resources */ = {isa = PBXBuildFile; fileRef = A676C0D0164CC20F00C0F859 /* InfoPlist.strings */; };
		A676C0D5164CC20F00C0F859 /* IDCalculatorTests.m in Sources */ = {isa = PBXBuildFile; fileRef = A676C0D4164CC20F00C0F859 /* IDCalculatorTests.m */; };
		A676C0F4164CC36400C0F859 /* ArithmeticFunction.m in Sources */ = {isa = PBXBuildFile; fileRef = A676C0DF164CC36400C0F859 /* ArithmeticFunction.m */; };
		A676C0F5164CC36400C0F859 /* BasicFunction.m in Sources */ = {isa = PBXBuildFile; fileRef = A676C0E1164CC36400C0F859 /* BasicFunction.m */; };
		A676C0F6164CC36400C0F859 /* CalculatorViewController.m in Sources */ = {isa = PBXBuildFile; fileRef = A676C0E3164CC36400C0F859 /* CalculatorViewController.m */; };
		A676C0F7164CC36400C0F859 /* Cleaner.m in Sources */ = {isa = PBXBuildFile; fileRef = A676C0E5164CC36400C0F859 /* Cleaner.m */; };
		A676C0F8164CC36400C0F859 /* Constant.m in Sources */ = {isa = PBXBuildFile; fileRef = A676C0E7164CC36400C0F859 /* Constant.m */; };
		A676C0F9164CC36400C0F859 /* ExpPowerFunction.m in Sources */ = {isa = PBXBuildFile; fileRef = A676C0E9164CC36400C0F859 /* ExpPowerFunction.m */; };
		A676C0FA164CC36400C0F859 /* FractionConstant.m in Sources */ = {isa = PBXBuildFile; fileRef = A676C0EB164CC36400C0F859 /* FractionConstant.m */; };
		A676C0FB164CC36400C0F859 /* Function.m in Sources */ = {isa = PBXBuildFile; fileRef = A676C0ED164CC36400C0F859 /* Function.m */; };
		A676C0FC164CC36400C0F859 /* IntegerConstant.m in Sources */ = {isa = PBXBuildFile; fileRef = A676C0EF164CC36400C0F859 /* IntegerConstant.m */; };
		A676C0FD164CC36400C0F859 /* PowerFunction.m in Sources */ = {isa = PBXBuildFile; fileRef = A676C0F1164CC36400C0F859 /* PowerFunction.m */; };
		A676C0FE164CC36400C0F859 /* Variable.m in Sources */ = {isa = PBXBuildFile; fileRef = A676C0F3164CC36400C0F859 /* Variable.m */; };
		A676C106164CC58B00C0F859 /* FractionConstantTest.m in Sources */ = {isa = PBXBuildFile; fileRef = A676C105164CC58B00C0F859 /* FractionConstantTest.m */; };
		A676C109164CD25400C0F859 /* Storyboard_iPhone.storyboard in Resources */ = {isa = PBXBuildFile; fileRef = A676C108164CD25400C0F859 /* Storyboard_iPhone.storyboard */; };
		A67BC0101650C49400072670 /* ExpressionCommand.m in Sources */ = {isa = PBXBuildFile; fileRef = A67BC00F1650C49400072670 /* ExpressionCommand.m */; };
		A67BC0131650C53400072670 /* Expression.m in Sources */ = {isa = PBXBuildFile; fileRef = A67BC0121650C53400072670 /* Expression.m */; };
		A67BC0161651FF1800072670 /* ArithmeticExpression.m in Sources */ = {isa = PBXBuildFile; fileRef = A67BC0151651FF1800072670 /* ArithmeticExpression.m */; };
		A67BC01F165291DD00072670 /* IDCConsoleTest.m in Sources */ = {isa = PBXBuildFile; fileRef = A67BC01E165291DD00072670 /* IDCConsoleTest.m */; };
		A67BC022165295A400072670 /* ConsoleIdentifier.m in Sources */ = {isa = PBXBuildFile; fileRef = A67BC021165295A400072670 /* ConsoleIdentifier.m */; };
		A67BC0291652B00100072670 /* ArithmeticExpressionTest.m in Sources */ = {isa = PBXBuildFile; fileRef = A67BC0281652B00100072670 /* ArithmeticExpressionTest.m */; };
		A67BC02D1652C31700072670 /* AssignCommandTest.m in Sources */ = {isa = PBXBuildFile; fileRef = A67BC02C1652C31700072670 /* AssignCommandTest.m */; };
		A67BC0301652F9BB00072670 /* VariableCommand.m in Sources */ = {isa = PBXBuildFile; fileRef = A67BC02F1652F9BA00072670 /* VariableCommand.m */; };
		A67CCA721669F024007561D9 /* Default-568h@2x.png in Resources */ = {isa = PBXBuildFile; fileRef = A67CCA711669F024007561D9 /* Default-568h@2x.png */; };
		A67CCA771669F093007561D9 /* Default-Landscape@2x~ipad.png in Resources */ = {isa = PBXBuildFile; fileRef = A67CCA731669F093007561D9 /* Default-Landscape@2x~ipad.png */; };
		A67CCA781669F093007561D9 /* Default-Landscape~ipad.png in Resources */ = {isa = PBXBuildFile; fileRef = A67CCA741669F093007561D9 /* Default-Landscape~ipad.png */; };
		A67CCA791669F093007561D9 /* Default-Portrait@2x~ipad.png in Resources */ = {isa = PBXBuildFile; fileRef = A67CCA751669F093007561D9 /* Default-Portrait@2x~ipad.png */; };
		A67CCA7A1669F093007561D9 /* Default-Portrait~ipad.png in Resources */ = {isa = PBXBuildFile; fileRef = A67CCA761669F093007561D9 /* Default-Portrait~ipad.png */; };
		A6AE35081665FE6000AEF12B /* FractionTest.m in Sources */ = {isa = PBXBuildFile; fileRef = A6AE35071665FE6000AEF12B /* FractionTest.m */; };
		A6B9745E164DEDE5007E4AB4 /* GraphViewController.m in Sources */ = {isa = PBXBuildFile; fileRef = A6B9745D164DEDE5007E4AB4 /* GraphViewController.m */; };
		A6B97461164DF411007E4AB4 /* ConsoleViewController.m in Sources */ = {isa = PBXBuildFile; fileRef = A6B97460164DF411007E4AB4 /* ConsoleViewController.m */; };
		A6B97465164E16B0007E4AB4 /* Matrix.m in Sources */ = {isa = PBXBuildFile; fileRef = A6B97464164E16B0007E4AB4 /* Matrix.m */; };
		A6B97468164E1704007E4AB4 /* SquareMatrix.m in Sources */ = {isa = PBXBuildFile; fileRef = A6B97467164E1704007E4AB4 /* SquareMatrix.m */; };
		A6B9746B164E17EB007E4AB4 /* Vector.m in Sources */ = {isa = PBXBuildFile; fileRef = A6B9746A164E17EB007E4AB4 /* Vector.m */; };
		A6B9746E164E1A32007E4AB4 /* IDCConsole.mm in Sources */ = {isa = PBXBuildFile; fileRef = A6B9746D164E1A32007E4AB4 /* IDCConsole.mm */; };
		A6B97475164E8CC1007E4AB4 /* MatrixTest.m in Sources */ = {isa = PBXBuildFile; fileRef = A6B97474164E8CC1007E4AB4 /* MatrixTest.m */; };
		A6C6F59C165FFB5100472E99 /* CModel.cpp in Sources */ = {isa = PBXBuildFile; fileRef = A6C6F59A165FFB5100472E99 /* CModel.cpp */; };
		A6C6F5CC16601F3D00472E99 /* CommandConverter.mm in Sources */ = {isa = PBXBuildFile; fileRef = A6C6F5CB16601F3D00472E99 /* CommandConverter.mm */; };
		A6C6F5CF1660237A00472E99 /* CommandConverterTest.mm in Sources */ = {isa = PBXBuildFile; fileRef = A6C6F5CE1660237A00472E99 /* CommandConverterTest.mm */; };
		A6CE38AB1665879500EDC49A /* GLESObject.m in Sources */ = {isa = PBXBuildFile; fileRef = A6CE38AA1665879500EDC49A /* GLESObject.m */; };
		A6CE38B0166587CB00EDC49A /* GLESContainer.m in Sources */ = {isa = PBXBuildFile; fileRef = A6CE38AF166587CB00EDC49A /* GLESContainer.m */; };
		A6CE38B41665B01700EDC49A /* GLESObjectTest.m in Sources */ = {isa = PBXBuildFile; fileRef = A6CE38B31665B01700EDC49A /* GLESObjectTest.m */; };
		A6D2B1201669F2D6000144D5 /* CalModel.cpp in Sources */ = {isa = PBXBuildFile; fileRef = A6D2B11E1669F2D6000144D5 /* CalModel.cpp */; };
		A6D2B126166A6367000144D5 /* chart_line_24.png in Resources */ = {isa = PBXBuildFile; fileRef = A6D2B123166A6367000144D5 /* chart_line_24.png */; };
		A6D2B127166A6367000144D5 /* concole_24.png in Resources */ = {isa = PBXBuildFile; fileRef = A6D2B124166A6367000144D5 /* concole_24.png */; };
		A6D2B128166A6367000144D5 /* gear_24.png in Resources */ = {isa = PBXBuildFile; fileRef = A6D2B125166A6367000144D5 /* gear_24.png */; };
		A6D2B135166A66F2000144D5 /* ConsoleLexer.cpp in Sources */ = {isa = PBXBuildFile; fileRef = A6D2B131166A66F1000144D5 /* ConsoleLexer.cpp */; };
		A6D2B136166A66F2000144D5 /* ConsoleParser.cpp in Sources */ = {isa = PBXBuildFile; fileRef = A6D2B133166A66F1000144D5 /* ConsoleParser.cpp */; };
		A6D2B13C166A8900000144D5 /* CalculusParser.output in Resources */ = {isa = PBXBuildFile; fileRef = A6D2B13B166A8900000144D5 /* CalculusParser.output */; };
		A6D2B140166AB497000144D5 /* CalculusLexer.cpp in Sources */ = {isa = PBXBuildFile; fileRef = A6D2B13D166AB496000144D5 /* CalculusLexer.cpp */; };
		A6D2B141166AB497000144D5 /* CalculusParser.cpp in Sources */ = {isa = PBXBuildFile; fileRef = A6D2B13F166AB496000144D5 /* CalculusParser.cpp */; };
		A6D2B144166AB4DF000144D5 /* InteFunction.m in Sources */ = {isa = PBXBuildFile; fileRef = A6D2B143166AB4DF000144D5 /* InteFunction.m */; };
		A6D2B147166AB846000144D5 /* DiffFunction.m in Sources */ = {isa = PBXBuildFile; fileRef = A6D2B146166AB846000144D5 /* DiffFunction.m */; };
		A6D2B14A166AB88F000144D5 /* FunctionParser.mm in Sources */ = {isa = PBXBuildFile; fileRef = A6D2B149166AB88F000144D5 /* FunctionParser.mm */; };
		A6D7DF131666FBD400D7B705 /* PadConsoleViewController.m in Sources */ = {isa = PBXBuildFile; fileRef = A6D7DF121666FBD400D7B705 /* PadConsoleViewController.m */; };
		A6D7DF16166709CD00D7B705 /* ViewHelper.m in Sources */ = {isa = PBXBuildFile; fileRef = A6D7DF15166709CD00D7B705 /* ViewHelper.m */; };
		A6DE83FE164EDDEC002F6FFA /* VectorTest.m in Sources */ = {isa = PBXBuildFile; fileRef = A6DE83FD164EDDEC002F6FFA /* VectorTest.m */; };
		A6EEE67F16616D5A00310568 /* icon.png in Resources */ = {isa = PBXBuildFile; fileRef = A6EEE67E16616D5A00310568 /* icon.png */; };
		A6EEE6851661CD4900310568 /* FuncExpression.m in Sources */ = {isa = PBXBuildFile; fileRef = A6EEE6841661CD4900310568 /* FuncExpression.m */; };
		A6EEE68B1661DD1200310568 /* ConsoleParser.output in Resources */ = {isa = PBXBuildFile; fileRef = A6EEE68A1661DD1200310568 /* ConsoleParser.output */; };
		A6EEE69316627DA400310568 /* Default@2x.png in Resources */ = {isa = PBXBuildFile; fileRef = A6EEE69216627DA300310568 /* Default@2x.png */; };
		A6EEE69516627F5800310568 /* Default.png in Resources */ = {isa = PBXBuildFile; fileRef = A6EEE69416627F5800310568 /* Default.png */; };
		A6EEE6A31662A36300310568 /* calculator_24.png in Resources */ = {isa = PBXBuildFile; fileRef = A6EEE69D1662A36300310568 /* calculator_24.png */; };
		A6EEE6A51662A36300310568 /* display_on_24.png in Resources */ = {isa = PBXBuildFile; fileRef = A6EEE69F1662A36300310568 /* display_on_24.png */; };
		A6EEE6A71662A36300310568 /* keyboard_24.png in Resources */ = {isa = PBXBuildFile; fileRef = A6EEE6A11662A36300310568 /* keyboard_24.png */; };
		A6EEE6B01662FAFB00310568 /* OpenGLContext.m in Sources */ = {isa = PBXBuildFile; fileRef = A6EEE6AF1662FAFB00310568 /* OpenGLContext.m */; };
		A6EEE6B21663022100310568 /* GLKit.framework in Frameworks */ = {isa = PBXBuildFile; fileRef = A6EEE6B11663022100310568 /* GLKit.framework */; };
		A6EEE6B41663027C00310568 /* OpenGLES.framework in Frameworks */ = {isa = PBXBuildFile; fileRef = A6EEE6B31663027C00310568 /* OpenGLES.framework */; };
		A6EEE6CD1663102F00310568 /* Settings.bundle in Resources */ = {isa = PBXBuildFile; fileRef = A6EEE6CC1663102D00310568 /* Settings.bundle */; };
		A6EEE6CF1664391400310568 /* QuartzCore.framework in Frameworks */ = {isa = PBXBuildFile; fileRef = A6EEE6CE1664391300310568 /* QuartzCore.framework */; };
		A6EEE6D216645DBB00310568 /* HelpViewController.m in Sources */ = {isa = PBXBuildFile; fileRef = A6EEE6D116645DBB00310568 /* HelpViewController.m */; };
/* End PBXBuildFile section */

/* Begin PBXBuildRule section */
		A6C6F56C165FD54A00472E99 /* PBXBuildRule */ = {
			isa = PBXBuildRule;
			compilerSpec = com.apple.compilers.proxy.script;
			fileType = sourcecode.lex;
			isEditable = 1;
			outputFiles = (
				CalculusLexer.cpp,
				CalculusLexer.h,
				ConsoleLexer.h,
				ConsoleLexer.cpp,
			);
			script = "# $(LEX)\nlex -o ${INPUT_FILE_DIR}/ConsoleLexer.cpp --header-file=${INPUT_FILE_DIR}/ConsoleLexer.h ${INPUT_FILE_DIR}/console.lpp\nlex -o ${INPUT_FILE_DIR}/CalculusLexer.cpp --header-file=${INPUT_FILE_DIR}/CalculusLexer.h -P cal ${INPUT_FILE_DIR}/calculus.lpp";
		};
		A6C6F56D165FD55800472E99 /* PBXBuildRule */ = {
			isa = PBXBuildRule;
			compilerSpec = com.apple.compilers.proxy.script;
			fileType = sourcecode.yacc;
			isEditable = 1;
			outputFiles = (
				CalculusParser.h,
				ConsoleParser.h,
				ConsoleParser.cpp,
				CalculusParser.cpp,
			);
			script = "# $(YACC)\nyacc --defines=${INPUT_FILE_DIR}/ConsoleParser.h -o ${INPUT_FILE_DIR}/ConsoleParser.cpp --verbose ${INPUT_FILE_DIR}/console.ypp\nyacc --defines=${INPUT_FILE_DIR}/CalculusParser.h -o ${INPUT_FILE_DIR}/CalculusParser.cpp -p cal --verbose ${INPUT_FILE_DIR}/calculus.ypp";
		};
/* End PBXBuildRule section */

/* Begin PBXContainerItemProxy section */
		A676C0CB164CC20F00C0F859 /* PBXContainerItemProxy */ = {
			isa = PBXContainerItemProxy;
			containerPortal = A676C093164CC20E00C0F859 /* Project object */;
			proxyType = 1;
			remoteGlobalIDString = A676C09B164CC20E00C0F859;
			remoteInfo = IDCalculator;
		};
/* End PBXContainerItemProxy section */

/* Begin PBXFileReference section */
		A627E99016500A97001142D5 /* SpecialConstant.h */ = {isa = PBXFileReference; fileEncoding = 4; lastKnownFileType = sourcecode.c.h; path = SpecialConstant.h; sourceTree = "<group>"; };
		A627E99116500A97001142D5 /* SpecialConstant.m */ = {isa = PBXFileReference; fileEncoding = 4; lastKnownFileType = sourcecode.c.objc; path = SpecialConstant.m; sourceTree = "<group>"; };
		A627E99416500AA4001142D5 /* ClearCommand.h */ = {isa = PBXFileReference; fileEncoding = 4; lastKnownFileType = sourcecode.c.h; path = ClearCommand.h; sourceTree = "<group>"; };
		A627E99516500AA4001142D5 /* ClearCommand.m */ = {isa = PBXFileReference; fileEncoding = 4; lastKnownFileType = sourcecode.c.objc; path = ClearCommand.m; sourceTree = "<group>"; };
		A627E99616500AA4001142D5 /* Command.h */ = {isa = PBXFileReference; fileEncoding = 4; lastKnownFileType = sourcecode.c.h; path = Command.h; sourceTree = "<group>"; };
		A627E99716500AA4001142D5 /* Command.mm */ = {isa = PBXFileReference; fileEncoding = 4; lastKnownFileType = sourcecode.cpp.objcpp; path = Command.mm; sourceTree = "<group>"; };
		A6292C8816605DFC00C2C554 /* Data.h */ = {isa = PBXFileReference; fileEncoding = 4; lastKnownFileType = sourcecode.c.h; path = Data.h; sourceTree = "<group>"; };
		A6292C8916605DFC00C2C554 /* Data.m */ = {isa = PBXFileReference; fileEncoding = 4; lastKnownFileType = sourcecode.c.objc; path = Data.m; sourceTree = "<group>"; };
		A6292C98166075B700C2C554 /* ExpressionList.h */ = {isa = PBXFileReference; fileEncoding = 4; lastKnownFileType = sourcecode.c.h; path = ExpressionList.h; sourceTree = "<group>"; };
		A6292C99166075B800C2C554 /* ExpressionList.m */ = {isa = PBXFileReference; fileEncoding = 4; lastKnownFileType = sourcecode.c.objc; path = ExpressionList.m; sourceTree = "<group>"; };
		A639F25316609970000C5E02 /* Integer.h */ = {isa = PBXFileReference; fileEncoding = 4; lastKnownFileType = sourcecode.c.h; path = Integer.h; sourceTree = "<group>"; };
		A639F25416609970000C5E02 /* Integer.m */ = {isa = PBXFileReference; fileEncoding = 4; lastKnownFileType = sourcecode.c.objc; path = Integer.m; sourceTree = "<group>"; };
		A639F2561660997C000C5E02 /* Number.h */ = {isa = PBXFileReference; fileEncoding = 4; lastKnownFileType = sourcecode.c.h; path = Number.h; sourceTree = "<group>"; };
		A639F2571660997C000C5E02 /* Number.m */ = {isa = PBXFileReference; fileEncoding = 4; lastKnownFileType = sourcecode.c.objc; path = Number.m; sourceTree = "<group>"; };
		A639F25916609995000C5E02 /* Fraction.h */ = {isa = PBXFileReference; fileEncoding = 4; lastKnownFileType = sourcecode.c.h; path = Fraction.h; sourceTree = "<group>"; };
		A639F25A16609995000C5E02 /* Fraction.m */ = {isa = PBXFileReference; fileEncoding = 4; lastKnownFileType = sourcecode.c.objc; path = Fraction.m; sourceTree = "<group>"; };
		A639F25C1660A069000C5E02 /* NumberData.h */ = {isa = PBXFileReference; fileEncoding = 4; lastKnownFileType = sourcecode.c.h; path = NumberData.h; sourceTree = "<group>"; };
		A639F25D1660A06A000C5E02 /* NumberData.m */ = {isa = PBXFileReference; fileEncoding = 4; lastKnownFileType = sourcecode.c.objc; path = NumberData.m; sourceTree = "<group>"; };
		A674155F1650266600C33D7C /* AssignCommand.h */ = {isa = PBXFileReference; fileEncoding = 4; lastKnownFileType = sourcecode.c.h; path = AssignCommand.h; sourceTree = "<group>"; };
		A67415601650266600C33D7C /* AssignCommand.m */ = {isa = PBXFileReference; fileEncoding = 4; lastKnownFileType = sourcecode.c.objc; path = AssignCommand.m; sourceTree = "<group>"; };
		A676C09C164CC20E00C0F859 /* IDCalculator.app */ = {isa = PBXFileReference; explicitFileType = wrapper.application; includeInIndex = 0; path = IDCalculator.app; sourceTree = BUILT_PRODUCTS_DIR; };
		A676C0A0164CC20E00C0F859 /* UIKit.framework */ = {isa = PBXFileReference; lastKnownFileType = wrapper.framework; name = UIKit.framework; path = System/Library/Frameworks/UIKit.framework; sourceTree = SDKROOT; };
		A676C0A2164CC20E00C0F859 /* Foundation.framework */ = {isa = PBXFileReference; lastKnownFileType = wrapper.framework; name = Foundation.framework; path = System/Library/Frameworks/Foundation.framework; sourceTree = SDKROOT; };
		A676C0A4164CC20E00C0F859 /* CoreGraphics.framework */ = {isa = PBXFileReference; lastKnownFileType = wrapper.framework; name = CoreGraphics.framework; path = System/Library/Frameworks/CoreGraphics.framework; sourceTree = SDKROOT; };
		A676C0A8164CC20E00C0F859 /* IDCalculator-Info.plist */ = {isa = PBXFileReference; lastKnownFileType = text.plist.xml; path = "IDCalculator-Info.plist"; sourceTree = "<group>"; };
		A676C0AA164CC20E00C0F859 /* en */ = {isa = PBXFileReference; lastKnownFileType = text.plist.strings; name = en; path = en.lproj/InfoPlist.strings; sourceTree = "<group>"; };
		A676C0AC164CC20E00C0F859 /* main.m */ = {isa = PBXFileReference; lastKnownFileType = sourcecode.c.objc; path = main.m; sourceTree = "<group>"; };
		A676C0AE164CC20E00C0F859 /* IDCalculator-Prefix.pch */ = {isa = PBXFileReference; lastKnownFileType = sourcecode.c.h; path = "IDCalculator-Prefix.pch"; sourceTree = "<group>"; };
		A676C0AF164CC20E00C0F859 /* IDCAppDelegate.h */ = {isa = PBXFileReference; lastKnownFileType = sourcecode.c.h; path = IDCAppDelegate.h; sourceTree = "<group>"; };
		A676C0B0164CC20E00C0F859 /* IDCAppDelegate.m */ = {isa = PBXFileReference; lastKnownFileType = sourcecode.c.objc; path = IDCAppDelegate.m; sourceTree = "<group>"; };
		A676C0BC164CC20E00C0F859 /* en */ = {isa = PBXFileReference; lastKnownFileType = file.storyboard; name = en; path = en.lproj/Storyboard_iPad.storyboard; sourceTree = "<group>"; };
		A676C0BE164CC20E00C0F859 /* IDCViewController.h */ = {isa = PBXFileReference; lastKnownFileType = sourcecode.c.h; path = IDCViewController.h; sourceTree = "<group>"; };
		A676C0BF164CC20E00C0F859 /* IDCViewController.m */ = {isa = PBXFileReference; lastKnownFileType = sourcecode.c.objc; path = IDCViewController.m; sourceTree = "<group>"; };
		A676C0C6164CC20F00C0F859 /* IDCalculatorTests.octest */ = {isa = PBXFileReference; explicitFileType = wrapper.cfbundle; includeInIndex = 0; path = IDCalculatorTests.octest; sourceTree = BUILT_PRODUCTS_DIR; };
		A676C0C7164CC20F00C0F859 /* SenTestingKit.framework */ = {isa = PBXFileReference; lastKnownFileType = wrapper.framework; name = SenTestingKit.framework; path = Library/Frameworks/SenTestingKit.framework; sourceTree = DEVELOPER_DIR; };
		A676C0CF164CC20F00C0F859 /* IDCalculatorTests-Info.plist */ = {isa = PBXFileReference; lastKnownFileType = text.plist.xml; path = "IDCalculatorTests-Info.plist"; sourceTree = "<group>"; };
		A676C0D1164CC20F00C0F859 /* en */ = {isa = PBXFileReference; lastKnownFileType = text.plist.strings; name = en; path = en.lproj/InfoPlist.strings; sourceTree = "<group>"; };
		A676C0D3164CC20F00C0F859 /* IDCalculatorTests.h */ = {isa = PBXFileReference; lastKnownFileType = sourcecode.c.h; path = IDCalculatorTests.h; sourceTree = "<group>"; };
		A676C0D4164CC20F00C0F859 /* IDCalculatorTests.m */ = {isa = PBXFileReference; lastKnownFileType = sourcecode.c.objc; path = IDCalculatorTests.m; sourceTree = "<group>"; };
		A676C0DE164CC36400C0F859 /* ArithmeticFunction.h */ = {isa = PBXFileReference; fileEncoding = 4; lastKnownFileType = sourcecode.c.h; path = ArithmeticFunction.h; sourceTree = "<group>"; };
		A676C0DF164CC36400C0F859 /* ArithmeticFunction.m */ = {isa = PBXFileReference; fileEncoding = 4; lastKnownFileType = sourcecode.c.objc; path = ArithmeticFunction.m; sourceTree = "<group>"; };
		A676C0E0164CC36400C0F859 /* BasicFunction.h */ = {isa = PBXFileReference; fileEncoding = 4; lastKnownFileType = sourcecode.c.h; path = BasicFunction.h; sourceTree = "<group>"; };
		A676C0E1164CC36400C0F859 /* BasicFunction.m */ = {isa = PBXFileReference; fileEncoding = 4; lastKnownFileType = sourcecode.c.objc; path = BasicFunction.m; sourceTree = "<group>"; };
		A676C0E2164CC36400C0F859 /* CalculatorViewController.h */ = {isa = PBXFileReference; fileEncoding = 4; lastKnownFileType = sourcecode.c.h; path = CalculatorViewController.h; sourceTree = "<group>"; };
		A676C0E3164CC36400C0F859 /* CalculatorViewController.m */ = {isa = PBXFileReference; fileEncoding = 4; lastKnownFileType = sourcecode.c.objc; path = CalculatorViewController.m; sourceTree = "<group>"; };
		A676C0E4164CC36400C0F859 /* Cleaner.h */ = {isa = PBXFileReference; fileEncoding = 4; lastKnownFileType = sourcecode.c.h; path = Cleaner.h; sourceTree = "<group>"; };
		A676C0E5164CC36400C0F859 /* Cleaner.m */ = {isa = PBXFileReference; fileEncoding = 4; lastKnownFileType = sourcecode.c.objc; path = Cleaner.m; sourceTree = "<group>"; };
		A676C0E6164CC36400C0F859 /* Constant.h */ = {isa = PBXFileReference; fileEncoding = 4; lastKnownFileType = sourcecode.c.h; path = Constant.h; sourceTree = "<group>"; };
		A676C0E7164CC36400C0F859 /* Constant.m */ = {isa = PBXFileReference; fileEncoding = 4; lastKnownFileType = sourcecode.c.objc; path = Constant.m; sourceTree = "<group>"; };
		A676C0E8164CC36400C0F859 /* ExpPowerFunction.h */ = {isa = PBXFileReference; fileEncoding = 4; lastKnownFileType = sourcecode.c.h; path = ExpPowerFunction.h; sourceTree = "<group>"; };
		A676C0E9164CC36400C0F859 /* ExpPowerFunction.m */ = {isa = PBXFileReference; fileEncoding = 4; lastKnownFileType = sourcecode.c.objc; path = ExpPowerFunction.m; sourceTree = "<group>"; };
		A676C0EA164CC36400C0F859 /* FractionConstant.h */ = {isa = PBXFileReference; fileEncoding = 4; lastKnownFileType = sourcecode.c.h; path = FractionConstant.h; sourceTree = "<group>"; };
		A676C0EB164CC36400C0F859 /* FractionConstant.m */ = {isa = PBXFileReference; fileEncoding = 4; lastKnownFileType = sourcecode.c.objc; path = FractionConstant.m; sourceTree = "<group>"; };
		A676C0EC164CC36400C0F859 /* Function.h */ = {isa = PBXFileReference; fileEncoding = 4; lastKnownFileType = sourcecode.c.h; path = Function.h; sourceTree = "<group>"; };
		A676C0ED164CC36400C0F859 /* Function.m */ = {isa = PBXFileReference; fileEncoding = 4; lastKnownFileType = sourcecode.c.objc; path = Function.m; sourceTree = "<group>"; };
		A676C0EE164CC36400C0F859 /* IntegerConstant.h */ = {isa = PBXFileReference; fileEncoding = 4; lastKnownFileType = sourcecode.c.h; path = IntegerConstant.h; sourceTree = "<group>"; };
		A676C0EF164CC36400C0F859 /* IntegerConstant.m */ = {isa = PBXFileReference; fileEncoding = 4; lastKnownFileType = sourcecode.c.objc; path = IntegerConstant.m; sourceTree = "<group>"; };
		A676C0F0164CC36400C0F859 /* PowerFunction.h */ = {isa = PBXFileReference; fileEncoding = 4; lastKnownFileType = sourcecode.c.h; path = PowerFunction.h; sourceTree = "<group>"; };
		A676C0F1164CC36400C0F859 /* PowerFunction.m */ = {isa = PBXFileReference; fileEncoding = 4; lastKnownFileType = sourcecode.c.objc; path = PowerFunction.m; sourceTree = "<group>"; };
		A676C0F2164CC36400C0F859 /* Variable.h */ = {isa = PBXFileReference; fileEncoding = 4; lastKnownFileType = sourcecode.c.h; path = Variable.h; sourceTree = "<group>"; };
		A676C0F3164CC36400C0F859 /* Variable.m */ = {isa = PBXFileReference; fileEncoding = 4; lastKnownFileType = sourcecode.c.objc; path = Variable.m; sourceTree = "<group>"; };
		A676C104164CC58B00C0F859 /* FractionConstantTest.h */ = {isa = PBXFileReference; fileEncoding = 4; lastKnownFileType = sourcecode.c.h; path = FractionConstantTest.h; sourceTree = "<group>"; };
		A676C105164CC58B00C0F859 /* FractionConstantTest.m */ = {isa = PBXFileReference; fileEncoding = 4; lastKnownFileType = sourcecode.c.objc; path = FractionConstantTest.m; sourceTree = "<group>"; };
		A676C108164CD25400C0F859 /* Storyboard_iPhone.storyboard */ = {isa = PBXFileReference; fileEncoding = 4; lastKnownFileType = file.storyboard; path = Storyboard_iPhone.storyboard; sourceTree = "<group>"; };
		A67BC00E1650C49400072670 /* ExpressionCommand.h */ = {isa = PBXFileReference; fileEncoding = 4; lastKnownFileType = sourcecode.c.h; path = ExpressionCommand.h; sourceTree = "<group>"; };
		A67BC00F1650C49400072670 /* ExpressionCommand.m */ = {isa = PBXFileReference; fileEncoding = 4; lastKnownFileType = sourcecode.c.objc; path = ExpressionCommand.m; sourceTree = "<group>"; };
		A67BC0111650C53400072670 /* Expression.h */ = {isa = PBXFileReference; fileEncoding = 4; lastKnownFileType = sourcecode.c.h; path = Expression.h; sourceTree = "<group>"; };
		A67BC0121650C53400072670 /* Expression.m */ = {isa = PBXFileReference; fileEncoding = 4; lastKnownFileType = sourcecode.c.objc; path = Expression.m; sourceTree = "<group>"; };
		A67BC0141651FF1800072670 /* ArithmeticExpression.h */ = {isa = PBXFileReference; fileEncoding = 4; lastKnownFileType = sourcecode.c.h; path = ArithmeticExpression.h; sourceTree = "<group>"; };
		A67BC0151651FF1800072670 /* ArithmeticExpression.m */ = {isa = PBXFileReference; fileEncoding = 4; lastKnownFileType = sourcecode.c.objc; path = ArithmeticExpression.m; sourceTree = "<group>"; };
		A67BC01A165211FF00072670 /* Operator.h */ = {isa = PBXFileReference; lastKnownFileType = sourcecode.c.h; path = Operator.h; sourceTree = "<group>"; };
		A67BC01D165291DD00072670 /* IDCConsoleTest.h */ = {isa = PBXFileReference; fileEncoding = 4; lastKnownFileType = sourcecode.c.h; path = IDCConsoleTest.h; sourceTree = "<group>"; };
		A67BC01E165291DD00072670 /* IDCConsoleTest.m */ = {isa = PBXFileReference; fileEncoding = 4; lastKnownFileType = sourcecode.c.objc; path = IDCConsoleTest.m; sourceTree = "<group>"; };
		A67BC020165295A400072670 /* ConsoleIdentifier.h */ = {isa = PBXFileReference; fileEncoding = 4; lastKnownFileType = sourcecode.c.h; path = ConsoleIdentifier.h; sourceTree = "<group>"; };
		A67BC021165295A400072670 /* ConsoleIdentifier.m */ = {isa = PBXFileReference; fileEncoding = 4; lastKnownFileType = sourcecode.c.objc; path = ConsoleIdentifier.m; sourceTree = "<group>"; };
		A67BC0271652B00100072670 /* ArithmeticExpressionTest.h */ = {isa = PBXFileReference; fileEncoding = 4; lastKnownFileType = sourcecode.c.h; path = ArithmeticExpressionTest.h; sourceTree = "<group>"; };
		A67BC0281652B00100072670 /* ArithmeticExpressionTest.m */ = {isa = PBXFileReference; fileEncoding = 4; lastKnownFileType = sourcecode.c.objc; path = ArithmeticExpressionTest.m; sourceTree = "<group>"; };
		A67BC02B1652C31700072670 /* AssignCommandTest.h */ = {isa = PBXFileReference; fileEncoding = 4; lastKnownFileType = sourcecode.c.h; path = AssignCommandTest.h; sourceTree = "<group>"; };
		A67BC02C1652C31700072670 /* AssignCommandTest.m */ = {isa = PBXFileReference; fileEncoding = 4; lastKnownFileType = sourcecode.c.objc; path = AssignCommandTest.m; sourceTree = "<group>"; };
		A67BC02E1652F9B900072670 /* VariableCommand.h */ = {isa = PBXFileReference; fileEncoding = 4; lastKnownFileType = sourcecode.c.h; path = VariableCommand.h; sourceTree = "<group>"; };
		A67BC02F1652F9BA00072670 /* VariableCommand.m */ = {isa = PBXFileReference; fileEncoding = 4; lastKnownFileType = sourcecode.c.objc; path = VariableCommand.m; sourceTree = "<group>"; };
		A67CCA651669EDE7007561D9 /* Default-Landscape~ipad.png */ = {isa = PBXFileReference; lastKnownFileType = image.png; name = "Default-Landscape~ipad.png"; path = "../../../../Downloads/Default-Landscape~ipad.png"; sourceTree = "<group>"; };
		A67CCA661669EDE7007561D9 /* Default-Portrait~ipad.png */ = {isa = PBXFileReference; lastKnownFileType = image.png; name = "Default-Portrait~ipad.png"; path = "../../../../Downloads/Default-Portrait~ipad.png"; sourceTree = "<group>"; };
		A67CCA711669F024007561D9 /* Default-568h@2x.png */ = {isa = PBXFileReference; lastKnownFileType = image.png; path = "Default-568h@2x.png"; sourceTree = "<group>"; };
		A67CCA731669F093007561D9 /* Default-Landscape@2x~ipad.png */ = {isa = PBXFileReference; lastKnownFileType = image.png; path = "Default-Landscape@2x~ipad.png"; sourceTree = "<group>"; };
		A67CCA741669F093007561D9 /* Default-Landscape~ipad.png */ = {isa = PBXFileReference; lastKnownFileType = image.png; path = "Default-Landscape~ipad.png"; sourceTree = "<group>"; };
		A67CCA751669F093007561D9 /* Default-Portrait@2x~ipad.png */ = {isa = PBXFileReference; lastKnownFileType = image.png; path = "Default-Portrait@2x~ipad.png"; sourceTree = "<group>"; };
		A67CCA761669F093007561D9 /* Default-Portrait~ipad.png */ = {isa = PBXFileReference; lastKnownFileType = image.png; path = "Default-Portrait~ipad.png"; sourceTree = "<group>"; };
		A69B8CA6165302AC00A64A65 /* console.lpp */ = {isa = PBXFileReference; fileEncoding = 4; lastKnownFileType = sourcecode.lex; path = console.lpp; sourceTree = "<group>"; };
		A69B8CA7165302AC00A64A65 /* console.ypp */ = {isa = PBXFileReference; fileEncoding = 4; lastKnownFileType = sourcecode.yacc; path = console.ypp; sourceTree = "<group>"; };
		A6AE35061665FE6000AEF12B /* FractionTest.h */ = {isa = PBXFileReference; fileEncoding = 4; lastKnownFileType = sourcecode.c.h; path = FractionTest.h; sourceTree = "<group>"; };
		A6AE35071665FE6000AEF12B /* FractionTest.m */ = {isa = PBXFileReference; fileEncoding = 4; lastKnownFileType = sourcecode.c.objc; path = FractionTest.m; sourceTree = "<group>"; };
		A6B9745C164DEDE5007E4AB4 /* GraphViewController.h */ = {isa = PBXFileReference; fileEncoding = 4; lastKnownFileType = sourcecode.c.h; path = GraphViewController.h; sourceTree = "<group>"; };
		A6B9745D164DEDE5007E4AB4 /* GraphViewController.m */ = {isa = PBXFileReference; fileEncoding = 4; lastKnownFileType = sourcecode.c.objc; path = GraphViewController.m; sourceTree = "<group>"; };
		A6B9745F164DF411007E4AB4 /* ConsoleViewController.h */ = {isa = PBXFileReference; fileEncoding = 4; lastKnownFileType = sourcecode.c.h; path = ConsoleViewController.h; sourceTree = "<group>"; };
		A6B97460164DF411007E4AB4 /* ConsoleViewController.m */ = {isa = PBXFileReference; fileEncoding = 4; lastKnownFileType = sourcecode.c.objc; path = ConsoleViewController.m; sourceTree = "<group>"; };
		A6B97463164E16B0007E4AB4 /* Matrix.h */ = {isa = PBXFileReference; fileEncoding = 4; lastKnownFileType = sourcecode.c.h; path = Matrix.h; sourceTree = "<group>"; };
		A6B97464164E16B0007E4AB4 /* Matrix.m */ = {isa = PBXFileReference; fileEncoding = 4; lastKnownFileType = sourcecode.c.objc; path = Matrix.m; sourceTree = "<group>"; };
		A6B97466164E1704007E4AB4 /* SquareMatrix.h */ = {isa = PBXFileReference; fileEncoding = 4; lastKnownFileType = sourcecode.c.h; path = SquareMatrix.h; sourceTree = "<group>"; };
		A6B97467164E1704007E4AB4 /* SquareMatrix.m */ = {isa = PBXFileReference; fileEncoding = 4; lastKnownFileType = sourcecode.c.objc; path = SquareMatrix.m; sourceTree = "<group>"; };
		A6B97469164E17EB007E4AB4 /* Vector.h */ = {isa = PBXFileReference; fileEncoding = 4; lastKnownFileType = sourcecode.c.h; path = Vector.h; sourceTree = "<group>"; };
		A6B9746A164E17EB007E4AB4 /* Vector.m */ = {isa = PBXFileReference; fileEncoding = 4; lastKnownFileType = sourcecode.c.objc; path = Vector.m; sourceTree = "<group>"; };
		A6B9746C164E1A32007E4AB4 /* IDCConsole.h */ = {isa = PBXFileReference; fileEncoding = 4; lastKnownFileType = sourcecode.c.h; path = IDCConsole.h; sourceTree = "<group>"; };
		A6B9746D164E1A32007E4AB4 /* IDCConsole.mm */ = {isa = PBXFileReference; fileEncoding = 4; lastKnownFileType = sourcecode.cpp.objcpp; path = IDCConsole.mm; sourceTree = "<group>"; };
		A6B97473164E8CC1007E4AB4 /* MatrixTest.h */ = {isa = PBXFileReference; fileEncoding = 4; lastKnownFileType = sourcecode.c.h; path = MatrixTest.h; sourceTree = "<group>"; };
		A6B97474164E8CC1007E4AB4 /* MatrixTest.m */ = {isa = PBXFileReference; fileEncoding = 4; lastKnownFileType = sourcecode.c.objc; path = MatrixTest.m; sourceTree = "<group>"; };
		A6C6F59A165FFB5100472E99 /* CModel.cpp */ = {isa = PBXFileReference; fileEncoding = 4; lastKnownFileType = sourcecode.cpp.cpp; path = CModel.cpp; sourceTree = "<group>"; };
		A6C6F59B165FFB5100472E99 /* CModel.h */ = {isa = PBXFileReference; fileEncoding = 4; lastKnownFileType = sourcecode.c.h; path = CModel.h; sourceTree = "<group>"; };
		A6C6F5CA16601F3D00472E99 /* CommandConverter.h */ = {isa = PBXFileReference; fileEncoding = 4; lastKnownFileType = sourcecode.c.h; path = CommandConverter.h; sourceTree = "<group>"; };
		A6C6F5CB16601F3D00472E99 /* CommandConverter.mm */ = {isa = PBXFileReference; fileEncoding = 4; lastKnownFileType = sourcecode.cpp.objcpp; path = CommandConverter.mm; sourceTree = "<group>"; };
		A6C6F5CD1660237A00472E99 /* CommandConverterTest.h */ = {isa = PBXFileReference; fileEncoding = 4; lastKnownFileType = sourcecode.c.h; path = CommandConverterTest.h; sourceTree = "<group>"; };
		A6C6F5CE1660237A00472E99 /* CommandConverterTest.mm */ = {isa = PBXFileReference; fileEncoding = 4; lastKnownFileType = sourcecode.cpp.objcpp; path = CommandConverterTest.mm; sourceTree = "<group>"; };
		A6CE38A91665879500EDC49A /* GLESObject.h */ = {isa = PBXFileReference; fileEncoding = 4; lastKnownFileType = sourcecode.c.h; path = GLESObject.h; sourceTree = "<group>"; };
		A6CE38AA1665879500EDC49A /* GLESObject.m */ = {isa = PBXFileReference; fileEncoding = 4; lastKnownFileType = sourcecode.c.objc; path = GLESObject.m; sourceTree = "<group>"; };
		A6CE38AE166587CB00EDC49A /* GLESContainer.h */ = {isa = PBXFileReference; fileEncoding = 4; lastKnownFileType = sourcecode.c.h; path = GLESContainer.h; sourceTree = "<group>"; };
		A6CE38AF166587CB00EDC49A /* GLESContainer.m */ = {isa = PBXFileReference; fileEncoding = 4; lastKnownFileType = sourcecode.c.objc; path = GLESContainer.m; sourceTree = "<group>"; };
		A6CE38B21665B01700EDC49A /* GLESObjectTest.h */ = {isa = PBXFileReference; fileEncoding = 4; lastKnownFileType = sourcecode.c.h; path = GLESObjectTest.h; sourceTree = "<group>"; };
		A6CE38B31665B01700EDC49A /* GLESObjectTest.m */ = {isa = PBXFileReference; fileEncoding = 4; lastKnownFileType = sourcecode.c.objc; path = GLESObjectTest.m; sourceTree = "<group>"; };
		A6D2B11A1669F21B000144D5 /* calculus.lpp */ = {isa = PBXFileReference; fileEncoding = 4; lastKnownFileType = sourcecode.lex; path = calculus.lpp; sourceTree = "<group>"; };
		A6D2B11C1669F22A000144D5 /* calculus.ypp */ = {isa = PBXFileReference; fileEncoding = 4; lastKnownFileType = sourcecode.yacc; path = calculus.ypp; sourceTree = "<group>"; };
		A6D2B11E1669F2D6000144D5 /* CalModel.cpp */ = {isa = PBXFileReference; fileEncoding = 4; lastKnownFileType = sourcecode.cpp.cpp; path = CalModel.cpp; sourceTree = "<group>"; };
		A6D2B11F1669F2D6000144D5 /* CalModel.h */ = {isa = PBXFileReference; fileEncoding = 4; lastKnownFileType = sourcecode.c.h; path = CalModel.h; sourceTree = "<group>"; };
		A6D2B123166A6367000144D5 /* chart_line_24.png */ = {isa = PBXFileReference; lastKnownFileType = image.png; path = chart_line_24.png; sourceTree = "<group>"; };
		A6D2B124166A6367000144D5 /* concole_24.png */ = {isa = PBXFileReference; lastKnownFileType = image.png; path = concole_24.png; sourceTree = "<group>"; };
		A6D2B125166A6367000144D5 /* gear_24.png */ = {isa = PBXFileReference; lastKnownFileType = image.png; path = gear_24.png; sourceTree = "<group>"; };
		A6D2B12C166A64A6000144D5 /* CalculusParser.h */ = {isa = PBXFileReference; lastKnownFileType = sourcecode.c.h; path = CalculusParser.h; sourceTree = "<group>"; };
		A6D2B131166A66F1000144D5 /* ConsoleLexer.cpp */ = {isa = PBXFileReference; fileEncoding = 4; lastKnownFileType = sourcecode.cpp.cpp; path = ConsoleLexer.cpp; sourceTree = "<group>"; };
		A6D2B132166A66F1000144D5 /* ConsoleLexer.h */ = {isa = PBXFileReference; fileEncoding = 4; lastKnownFileType = sourcecode.c.h; path = ConsoleLexer.h; sourceTree = "<group>"; };
		A6D2B133166A66F1000144D5 /* ConsoleParser.cpp */ = {isa = PBXFileReference; fileEncoding = 4; lastKnownFileType = sourcecode.cpp.cpp; path = ConsoleParser.cpp; sourceTree = "<group>"; };
		A6D2B134166A66F1000144D5 /* ConsoleParser.h */ = {isa = PBXFileReference; fileEncoding = 4; lastKnownFileType = sourcecode.c.h; path = ConsoleParser.h; sourceTree = "<group>"; };
		A6D2B13B166A8900000144D5 /* CalculusParser.output */ = {isa = PBXFileReference; fileEncoding = 4; lastKnownFileType = text; path = CalculusParser.output; sourceTree = "<group>"; };
		A6D2B13D166AB496000144D5 /* CalculusLexer.cpp */ = {isa = PBXFileReference; fileEncoding = 4; lastKnownFileType = sourcecode.cpp.cpp; path = CalculusLexer.cpp; sourceTree = "<group>"; };
		A6D2B13E166AB496000144D5 /* CalculusLexer.h */ = {isa = PBXFileReference; fileEncoding = 4; lastKnownFileType = sourcecode.c.h; path = CalculusLexer.h; sourceTree = "<group>"; };
		A6D2B13F166AB496000144D5 /* CalculusParser.cpp */ = {isa = PBXFileReference; fileEncoding = 4; lastKnownFileType = sourcecode.cpp.cpp; path = CalculusParser.cpp; sourceTree = "<group>"; };
		A6D2B142166AB4DF000144D5 /* InteFunction.h */ = {isa = PBXFileReference; fileEncoding = 4; lastKnownFileType = sourcecode.c.h; path = InteFunction.h; sourceTree = "<group>"; };
		A6D2B143166AB4DF000144D5 /* InteFunction.m */ = {isa = PBXFileReference; fileEncoding = 4; lastKnownFileType = sourcecode.c.objc; path = InteFunction.m; sourceTree = "<group>"; };
		A6D2B145166AB846000144D5 /* DiffFunction.h */ = {isa = PBXFileReference; fileEncoding = 4; lastKnownFileType = sourcecode.c.h; path = DiffFunction.h; sourceTree = "<group>"; };
		A6D2B146166AB846000144D5 /* DiffFunction.m */ = {isa = PBXFileReference; fileEncoding = 4; lastKnownFileType = sourcecode.c.objc; path = DiffFunction.m; sourceTree = "<group>"; };
		A6D2B148166AB88F000144D5 /* FunctionParser.h */ = {isa = PBXFileReference; fileEncoding = 4; lastKnownFileType = sourcecode.c.h; path = FunctionParser.h; sourceTree = "<group>"; };
		A6D2B149166AB88F000144D5 /* FunctionParser.mm */ = {isa = PBXFileReference; fileEncoding = 4; lastKnownFileType = sourcecode.cpp.objcpp; path = FunctionParser.mm; sourceTree = "<group>"; };
		A6D7DF111666FBD400D7B705 /* PadConsoleViewController.h */ = {isa = PBXFileReference; fileEncoding = 4; lastKnownFileType = sourcecode.c.h; path = PadConsoleViewController.h; sourceTree = "<group>"; };
		A6D7DF121666FBD400D7B705 /* PadConsoleViewController.m */ = {isa = PBXFileReference; fileEncoding = 4; lastKnownFileType = sourcecode.c.objc; path = PadConsoleViewController.m; sourceTree = "<group>"; };
		A6D7DF14166709CD00D7B705 /* ViewHelper.h */ = {isa = PBXFileReference; fileEncoding = 4; lastKnownFileType = sourcecode.c.h; path = ViewHelper.h; sourceTree = "<group>"; };
		A6D7DF15166709CD00D7B705 /* ViewHelper.m */ = {isa = PBXFileReference; fileEncoding = 4; lastKnownFileType = sourcecode.c.objc; path = ViewHelper.m; sourceTree = "<group>"; };
		A6DE83FC164EDDEC002F6FFA /* VectorTest.h */ = {isa = PBXFileReference; fileEncoding = 4; lastKnownFileType = sourcecode.c.h; path = VectorTest.h; sourceTree = "<group>"; };
		A6DE83FD164EDDEC002F6FFA /* VectorTest.m */ = {isa = PBXFileReference; fileEncoding = 4; lastKnownFileType = sourcecode.c.objc; path = VectorTest.m; sourceTree = "<group>"; };
		A6EEE67E16616D5A00310568 /* icon.png */ = {isa = PBXFileReference; lastKnownFileType = image.png; path = icon.png; sourceTree = "<group>"; };
		A6EEE6831661CD4900310568 /* FuncExpression.h */ = {isa = PBXFileReference; fileEncoding = 4; lastKnownFileType = sourcecode.c.h; path = FuncExpression.h; sourceTree = "<group>"; };
		A6EEE6841661CD4900310568 /* FuncExpression.m */ = {isa = PBXFileReference; fileEncoding = 4; lastKnownFileType = sourcecode.c.objc; path = FuncExpression.m; sourceTree = "<group>"; };
		A6EEE68A1661DD1200310568 /* ConsoleParser.output */ = {isa = PBXFileReference; fileEncoding = 4; lastKnownFileType = text; path = ConsoleParser.output; sourceTree = "<group>"; };
		A6EEE69216627DA300310568 /* Default@2x.png */ = {isa = PBXFileReference; lastKnownFileType = image.png; path = "Default@2x.png"; sourceTree = "<group>"; };
		A6EEE69416627F5800310568 /* Default.png */ = {isa = PBXFileReference; lastKnownFileType = image.png; path = Default.png; sourceTree = "<group>"; };
		A6EEE69D1662A36300310568 /* calculator_24.png */ = {isa = PBXFileReference; lastKnownFileType = image.png; path = calculator_24.png; sourceTree = "<group>"; };
		A6EEE69F1662A36300310568 /* display_on_24.png */ = {isa = PBXFileReference; lastKnownFileType = image.png; path = display_on_24.png; sourceTree = "<group>"; };
		A6EEE6A11662A36300310568 /* keyboard_24.png */ = {isa = PBXFileReference; lastKnownFileType = image.png; path = keyboard_24.png; sourceTree = "<group>"; };
		A6EEE6AE1662FAFB00310568 /* OpenGLContext.h */ = {isa = PBXFileReference; fileEncoding = 4; lastKnownFileType = sourcecode.c.h; path = OpenGLContext.h; sourceTree = "<group>"; };
		A6EEE6AF1662FAFB00310568 /* OpenGLContext.m */ = {isa = PBXFileReference; fileEncoding = 4; lastKnownFileType = sourcecode.c.objc; path = OpenGLContext.m; sourceTree = "<group>"; };
		A6EEE6B11663022100310568 /* GLKit.framework */ = {isa = PBXFileReference; lastKnownFileType = wrapper.framework; name = GLKit.framework; path = System/Library/Frameworks/GLKit.framework; sourceTree = SDKROOT; };
		A6EEE6B31663027C00310568 /* OpenGLES.framework */ = {isa = PBXFileReference; lastKnownFileType = wrapper.framework; name = OpenGLES.framework; path = System/Library/Frameworks/OpenGLES.framework; sourceTree = SDKROOT; };
		A6EEE6CC1663102D00310568 /* Settings.bundle */ = {isa = PBXFileReference; lastKnownFileType = "wrapper.plug-in"; path = Settings.bundle; sourceTree = "<group>"; };
		A6EEE6CE1664391300310568 /* QuartzCore.framework */ = {isa = PBXFileReference; lastKnownFileType = wrapper.framework; name = QuartzCore.framework; path = System/Library/Frameworks/QuartzCore.framework; sourceTree = SDKROOT; };
		A6EEE6D016645DBB00310568 /* HelpViewController.h */ = {isa = PBXFileReference; fileEncoding = 4; lastKnownFileType = sourcecode.c.h; path = HelpViewController.h; sourceTree = "<group>"; };
		A6EEE6D116645DBB00310568 /* HelpViewController.m */ = {isa = PBXFileReference; fileEncoding = 4; lastKnownFileType = sourcecode.c.objc; path = HelpViewController.m; sourceTree = "<group>"; };
/* End PBXFileReference section */

/* Begin PBXFrameworksBuildPhase section */
		A676C099164CC20E00C0F859 /* Frameworks */ = {
			isa = PBXFrameworksBuildPhase;
			buildActionMask = 2147483647;
			files = (
				A6EEE6CF1664391400310568 /* QuartzCore.framework in Frameworks */,
				A6EEE6B41663027C00310568 /* OpenGLES.framework in Frameworks */,
				A6EEE6B21663022100310568 /* GLKit.framework in Frameworks */,
				A676C0A1164CC20E00C0F859 /* UIKit.framework in Frameworks */,
				A676C0A3164CC20E00C0F859 /* Foundation.framework in Frameworks */,
				A676C0A5164CC20E00C0F859 /* CoreGraphics.framework in Frameworks */,
			);
			runOnlyForDeploymentPostprocessing = 0;
		};
		A676C0C2164CC20F00C0F859 /* Frameworks */ = {
			isa = PBXFrameworksBuildPhase;
			buildActionMask = 2147483647;
			files = (
				A676C0C8164CC20F00C0F859 /* SenTestingKit.framework in Frameworks */,
				A676C0C9164CC20F00C0F859 /* UIKit.framework in Frameworks */,
				A676C0CA164CC20F00C0F859 /* Foundation.framework in Frameworks */,
			);
			runOnlyForDeploymentPostprocessing = 0;
		};
/* End PBXFrameworksBuildPhase section */

/* Begin PBXGroup section */
		A627E99A16500AAA001142D5 /* command */ = {
			isa = PBXGroup;
			children = (
				A627E99616500AA4001142D5 /* Command.h */,
				A627E99716500AA4001142D5 /* Command.mm */,
				A674155F1650266600C33D7C /* AssignCommand.h */,
				A67415601650266600C33D7C /* AssignCommand.m */,
				A627E99416500AA4001142D5 /* ClearCommand.h */,
				A627E99516500AA4001142D5 /* ClearCommand.m */,
				A67BC00E1650C49400072670 /* ExpressionCommand.h */,
				A67BC00F1650C49400072670 /* ExpressionCommand.m */,
				A67BC02E1652F9B900072670 /* VariableCommand.h */,
				A67BC02F1652F9BA00072670 /* VariableCommand.m */,
			);
			name = command;
			sourceTree = "<group>";
		};
		A6292C8516605CDB00C2C554 /* model */ = {
			isa = PBXGroup;
			children = (
				A627E99A16500AAA001142D5 /* command */,
				A67BC00D1650C45800072670 /* expression */,
			);
			name = model;
			sourceTree = "<group>";
		};
		A6292C8716605DE200C2C554 /* data */ = {
			isa = PBXGroup;
			children = (
				A6292C9B166079FC00C2C554 /* matrix */,
				A6292C8816605DFC00C2C554 /* Data.h */,
				A6292C8916605DFC00C2C554 /* Data.m */,
				A639F25C1660A069000C5E02 /* NumberData.h */,
				A639F25D1660A06A000C5E02 /* NumberData.m */,
			);
			name = data;
			sourceTree = "<group>";
		};
		A6292C9B166079FC00C2C554 /* matrix */ = {
			isa = PBXGroup;
			children = (
				A6B97463164E16B0007E4AB4 /* Matrix.h */,
				A6B97464164E16B0007E4AB4 /* Matrix.m */,
				A6B97466164E1704007E4AB4 /* SquareMatrix.h */,
				A6B97467164E1704007E4AB4 /* SquareMatrix.m */,
				A6B97469164E17EB007E4AB4 /* Vector.h */,
				A6B9746A164E17EB007E4AB4 /* Vector.m */,
			);
			name = matrix;
			sourceTree = "<group>";
		};
		A639F2511660995A000C5E02 /* math */ = {
			isa = PBXGroup;
			children = (
				A639F25316609970000C5E02 /* Integer.h */,
				A639F25416609970000C5E02 /* Integer.m */,
				A639F2561660997C000C5E02 /* Number.h */,
				A639F2571660997C000C5E02 /* Number.m */,
				A639F25916609995000C5E02 /* Fraction.h */,
				A639F25A16609995000C5E02 /* Fraction.m */,
			);
			name = math;
			sourceTree = "<group>";
		};
		A67415631650803700C33D7C /* parser */ = {
			isa = PBXGroup;
			children = (
				A6D2B131166A66F1000144D5 /* ConsoleLexer.cpp */,
				A6D2B132166A66F1000144D5 /* ConsoleLexer.h */,
				A6D2B133166A66F1000144D5 /* ConsoleParser.cpp */,
				A6D2B134166A66F1000144D5 /* ConsoleParser.h */,
				A6EEE68A1661DD1200310568 /* ConsoleParser.output */,
				A69B8CA6165302AC00A64A65 /* console.lpp */,
				A69B8CA7165302AC00A64A65 /* console.ypp */,
				A6C6F5CA16601F3D00472E99 /* CommandConverter.h */,
				A6C6F5CB16601F3D00472E99 /* CommandConverter.mm */,
			);
			name = parser;
			sourceTree = "<group>";
		};
		A676C091164CC20E00C0F859 = {
			isa = PBXGroup;
			children = (
				A676C0A6164CC20E00C0F859 /* IDCalculator */,
				A676C0CD164CC20F00C0F859 /* IDCalculatorTests */,
				A676C09F164CC20E00C0F859 /* Frameworks */,
				A676C09D164CC20E00C0F859 /* Products */,
			);
			sourceTree = "<group>";
		};
		A676C09D164CC20E00C0F859 /* Products */ = {
			isa = PBXGroup;
			children = (
				A676C09C164CC20E00C0F859 /* IDCalculator.app */,
				A676C0C6164CC20F00C0F859 /* IDCalculatorTests.octest */,
			);
			name = Products;
			sourceTree = "<group>";
		};
		A676C09F164CC20E00C0F859 /* Frameworks */ = {
			isa = PBXGroup;
			children = (
				A6EEE6CE1664391300310568 /* QuartzCore.framework */,
				A6EEE6B31663027C00310568 /* OpenGLES.framework */,
				A6EEE6B11663022100310568 /* GLKit.framework */,
				A676C0A0164CC20E00C0F859 /* UIKit.framework */,
				A676C0A2164CC20E00C0F859 /* Foundation.framework */,
				A676C0A4164CC20E00C0F859 /* CoreGraphics.framework */,
				A676C0C7164CC20F00C0F859 /* SenTestingKit.framework */,
			);
			name = Frameworks;
			sourceTree = "<group>";
		};
		A676C0A6164CC20E00C0F859 /* IDCalculator */ = {
			isa = PBXGroup;
			children = (
				A639F2511660995A000C5E02 /* math */,
				A6B9746F164E1A36007E4AB4 /* console */,
				A676C0FF164CC36B00C0F859 /* calculus */,
				A6EEE6AD1662CC1D00310568 /* graph */,
				A676C107164CD1DF00C0F859 /* ui */,
				A676C0AF164CC20E00C0F859 /* IDCAppDelegate.h */,
				A676C0B0164CC20E00C0F859 /* IDCAppDelegate.m */,
				A676C108164CD25400C0F859 /* Storyboard_iPhone.storyboard */,
				A676C0BB164CC20E00C0F859 /* Storyboard_iPad.storyboard */,
				A676C0A7164CC20E00C0F859 /* Supporting Files */,
				A6EEE6CC1663102D00310568 /* Settings.bundle */,
			);
			path = IDCalculator;
			sourceTree = "<group>";
		};
		A676C0A7164CC20E00C0F859 /* Supporting Files */ = {
			isa = PBXGroup;
			children = (
				A67CCA731669F093007561D9 /* Default-Landscape@2x~ipad.png */,
				A67CCA741669F093007561D9 /* Default-Landscape~ipad.png */,
				A67CCA751669F093007561D9 /* Default-Portrait@2x~ipad.png */,
				A67CCA761669F093007561D9 /* Default-Portrait~ipad.png */,
				A67CCA711669F024007561D9 /* Default-568h@2x.png */,
				A67CCA651669EDE7007561D9 /* Default-Landscape~ipad.png */,
				A67CCA661669EDE7007561D9 /* Default-Portrait~ipad.png */,
				A6EEE6961662A20400310568 /* tabicon */,
				A6EEE69416627F5800310568 /* Default.png */,
				A6EEE69216627DA300310568 /* Default@2x.png */,
				A6EEE67E16616D5A00310568 /* icon.png */,
				A676C0A8164CC20E00C0F859 /* IDCalculator-Info.plist */,
				A676C0A9164CC20E00C0F859 /* InfoPlist.strings */,
				A676C0AC164CC20E00C0F859 /* main.m */,
				A676C0AE164CC20E00C0F859 /* IDCalculator-Prefix.pch */,
			);
			name = "Supporting Files";
			sourceTree = "<group>";
		};
		A676C0CD164CC20F00C0F859 /* IDCalculatorTests */ = {
			isa = PBXGroup;
			children = (
				A6AE35041665FE5300AEF12B /* math */,
				A6CE38B11665B00600EDC49A /* graph */,
				A67BC01C165291C600072670 /* console */,
				A6B97476164E8CCC007E4AB4 /* matrix */,
				A676C102164CC56600C0F859 /* calculus */,
				A676C0D3164CC20F00C0F859 /* IDCalculatorTests.h */,
				A676C0D4164CC20F00C0F859 /* IDCalculatorTests.m */,
				A676C0CE164CC20F00C0F859 /* Supporting Files */,
			);
			path = IDCalculatorTests;
			sourceTree = "<group>";
		};
		A676C0CE164CC20F00C0F859 /* Supporting Files */ = {
			isa = PBXGroup;
			children = (
				A676C0CF164CC20F00C0F859 /* IDCalculatorTests-Info.plist */,
				A676C0D0164CC20F00C0F859 /* InfoPlist.strings */,
			);
			name = "Supporting Files";
			sourceTree = "<group>";
		};
		A676C0FF164CC36B00C0F859 /* calculus */ = {
			isa = PBXGroup;
			children = (
				A6EEE6AC1662CBB900310568 /* parser */,
				A6EEE6AB1662CBAA00310568 /* cmodel */,
				A676C100164CC37500C0F859 /* func */,
				A676C101164CC39700C0F859 /* cons */,
				A676C0F2164CC36400C0F859 /* Variable.h */,
				A676C0F3164CC36400C0F859 /* Variable.m */,
				A676C0EC164CC36400C0F859 /* Function.h */,
				A676C0ED164CC36400C0F859 /* Function.m */,
				A676C0E6164CC36400C0F859 /* Constant.h */,
				A676C0E7164CC36400C0F859 /* Constant.m */,
				A676C0E4164CC36400C0F859 /* Cleaner.h */,
				A676C0E5164CC36400C0F859 /* Cleaner.m */,
			);
			name = calculus;
			sourceTree = "<group>";
		};
		A676C100164CC37500C0F859 /* func */ = {
			isa = PBXGroup;
			children = (
				A676C0E8164CC36400C0F859 /* ExpPowerFunction.h */,
				A676C0E9164CC36400C0F859 /* ExpPowerFunction.m */,
				A676C0F0164CC36400C0F859 /* PowerFunction.h */,
				A676C0F1164CC36400C0F859 /* PowerFunction.m */,
				A676C0DE164CC36400C0F859 /* ArithmeticFunction.h */,
				A676C0DF164CC36400C0F859 /* ArithmeticFunction.m */,
				A676C0E0164CC36400C0F859 /* BasicFunction.h */,
				A676C0E1164CC36400C0F859 /* BasicFunction.m */,
				A67BC01A165211FF00072670 /* Operator.h */,
				A6D2B142166AB4DF000144D5 /* InteFunction.h */,
				A6D2B143166AB4DF000144D5 /* InteFunction.m */,
				A6D2B145166AB846000144D5 /* DiffFunction.h */,
				A6D2B146166AB846000144D5 /* DiffFunction.m */,
			);
			name = func;
			sourceTree = "<group>";
		};
		A676C101164CC39700C0F859 /* cons */ = {
			isa = PBXGroup;
			children = (
				A627E99016500A97001142D5 /* SpecialConstant.h */,
				A627E99116500A97001142D5 /* SpecialConstant.m */,
				A676C0EA164CC36400C0F859 /* FractionConstant.h */,
				A676C0EB164CC36400C0F859 /* FractionConstant.m */,
				A676C0EE164CC36400C0F859 /* IntegerConstant.h */,
				A676C0EF164CC36400C0F859 /* IntegerConstant.m */,
			);
			name = cons;
			sourceTree = "<group>";
		};
		A676C102164CC56600C0F859 /* calculus */ = {
			isa = PBXGroup;
			children = (
				A676C103164CC56D00C0F859 /* cons */,
			);
			name = calculus;
			sourceTree = "<group>";
		};
		A676C103164CC56D00C0F859 /* cons */ = {
			isa = PBXGroup;
			children = (
				A676C104164CC58B00C0F859 /* FractionConstantTest.h */,
				A676C105164CC58B00C0F859 /* FractionConstantTest.m */,
			);
			name = cons;
			sourceTree = "<group>";
		};
		A676C107164CD1DF00C0F859 /* ui */ = {
			isa = PBXGroup;
			children = (
				A6D7DF101666FBA200D7B705 /* iphone */,
				A6D7DF0E1666FB9B00D7B705 /* ipad */,
				A6D7DF14166709CD00D7B705 /* ViewHelper.h */,
				A6D7DF15166709CD00D7B705 /* ViewHelper.m */,
			);
			name = ui;
			sourceTree = "<group>";
		};
		A67BC00D1650C45800072670 /* expression */ = {
			isa = PBXGroup;
			children = (
				A6292C8716605DE200C2C554 /* data */,
				A67BC0111650C53400072670 /* Expression.h */,
				A67BC0121650C53400072670 /* Expression.m */,
				A67BC0141651FF1800072670 /* ArithmeticExpression.h */,
				A67BC0151651FF1800072670 /* ArithmeticExpression.m */,
				A67BC020165295A400072670 /* ConsoleIdentifier.h */,
				A67BC021165295A400072670 /* ConsoleIdentifier.m */,
				A6292C98166075B700C2C554 /* ExpressionList.h */,
				A6292C99166075B800C2C554 /* ExpressionList.m */,
				A6EEE6831661CD4900310568 /* FuncExpression.h */,
				A6EEE6841661CD4900310568 /* FuncExpression.m */,
			);
			name = expression;
			sourceTree = "<group>";
		};
		A67BC01C165291C600072670 /* console */ = {
			isa = PBXGroup;
			children = (
				A69B8CAB1653099700A64A65 /* parser */,
				A67BC02A1652C30700072670 /* command */,
				A67BC0261652AFE800072670 /* expression */,
				A67BC01D165291DD00072670 /* IDCConsoleTest.h */,
				A67BC01E165291DD00072670 /* IDCConsoleTest.m */,
			);
			name = console;
			sourceTree = "<group>";
		};
		A67BC0261652AFE800072670 /* expression */ = {
			isa = PBXGroup;
			children = (
				A67BC0271652B00100072670 /* ArithmeticExpressionTest.h */,
				A67BC0281652B00100072670 /* ArithmeticExpressionTest.m */,
			);
			name = expression;
			sourceTree = "<group>";
		};
		A67BC02A1652C30700072670 /* command */ = {
			isa = PBXGroup;
			children = (
				A67BC02B1652C31700072670 /* AssignCommandTest.h */,
				A67BC02C1652C31700072670 /* AssignCommandTest.m */,
			);
			name = command;
			sourceTree = "<group>";
		};
		A69B8CAB1653099700A64A65 /* parser */ = {
			isa = PBXGroup;
			children = (
				A6C6F5CD1660237A00472E99 /* CommandConverterTest.h */,
				A6C6F5CE1660237A00472E99 /* CommandConverterTest.mm */,
			);
			name = parser;
			sourceTree = "<group>";
		};
		A6AE35041665FE5300AEF12B /* math */ = {
			isa = PBXGroup;
			children = (
				A6AE35061665FE6000AEF12B /* FractionTest.h */,
				A6AE35071665FE6000AEF12B /* FractionTest.m */,
			);
			name = math;
			sourceTree = "<group>";
		};
		A6B9746F164E1A36007E4AB4 /* console */ = {
			isa = PBXGroup;
			children = (
				A6292C8516605CDB00C2C554 /* model */,
				A6C6F599165FFAFD00472E99 /* cmodel */,
				A67415631650803700C33D7C /* parser */,
				A6B9746C164E1A32007E4AB4 /* IDCConsole.h */,
				A6B9746D164E1A32007E4AB4 /* IDCConsole.mm */,
			);
			name = console;
			sourceTree = "<group>";
		};
		A6B97476164E8CCC007E4AB4 /* matrix */ = {
			isa = PBXGroup;
			children = (
				A6B97473164E8CC1007E4AB4 /* MatrixTest.h */,
				A6B97474164E8CC1007E4AB4 /* MatrixTest.m */,
				A6DE83FC164EDDEC002F6FFA /* VectorTest.h */,
				A6DE83FD164EDDEC002F6FFA /* VectorTest.m */,
			);
			name = matrix;
			sourceTree = "<group>";
		};
		A6C6F599165FFAFD00472E99 /* cmodel */ = {
			isa = PBXGroup;
			children = (
				A6C6F59A165FFB5100472E99 /* CModel.cpp */,
				A6C6F59B165FFB5100472E99 /* CModel.h */,
			);
			name = cmodel;
			sourceTree = "<group>";
		};
		A6CE38AD1665879A00EDC49A /* model */ = {
			isa = PBXGroup;
			children = (
				A6CE38A91665879500EDC49A /* GLESObject.h */,
				A6CE38AA1665879500EDC49A /* GLESObject.m */,
				A6CE38AE166587CB00EDC49A /* GLESContainer.h */,
				A6CE38AF166587CB00EDC49A /* GLESContainer.m */,
			);
			name = model;
			sourceTree = "<group>";
		};
		A6CE38B11665B00600EDC49A /* graph */ = {
			isa = PBXGroup;
			children = (
				A6CE38B21665B01700EDC49A /* GLESObjectTest.h */,
				A6CE38B31665B01700EDC49A /* GLESObjectTest.m */,
			);
			name = graph;
			sourceTree = "<group>";
		};
		A6D7DF0E1666FB9B00D7B705 /* ipad */ = {
			isa = PBXGroup;
			children = (
				A6D7DF111666FBD400D7B705 /* PadConsoleViewController.h */,
				A6D7DF121666FBD400D7B705 /* PadConsoleViewController.m */,
			);
			name = ipad;
			sourceTree = "<group>";
		};
		A6D7DF101666FBA200D7B705 /* iphone */ = {
			isa = PBXGroup;
			children = (
				A676C0E2164CC36400C0F859 /* CalculatorViewController.h */,
				A676C0E3164CC36400C0F859 /* CalculatorViewController.m */,
				A676C0BE164CC20E00C0F859 /* IDCViewController.h */,
				A676C0BF164CC20E00C0F859 /* IDCViewController.m */,
				A6B9745C164DEDE5007E4AB4 /* GraphViewController.h */,
				A6B9745D164DEDE5007E4AB4 /* GraphViewController.m */,
				A6B9745F164DF411007E4AB4 /* ConsoleViewController.h */,
				A6B97460164DF411007E4AB4 /* ConsoleViewController.m */,
				A6EEE6D016645DBB00310568 /* HelpViewController.h */,
				A6EEE6D116645DBB00310568 /* HelpViewController.m */,
			);
			name = iphone;
			sourceTree = "<group>";
		};
		A6EEE6961662A20400310568 /* tabicon */ = {
			isa = PBXGroup;
			children = (
				A6D2B123166A6367000144D5 /* chart_line_24.png */,
				A6D2B124166A6367000144D5 /* concole_24.png */,
				A6D2B125166A6367000144D5 /* gear_24.png */,
				A6EEE69D1662A36300310568 /* calculator_24.png */,
				A6EEE69F1662A36300310568 /* display_on_24.png */,
				A6EEE6A11662A36300310568 /* keyboard_24.png */,
			);
			name = tabicon;
			sourceTree = "<group>";
		};
		A6EEE6AB1662CBAA00310568 /* cmodel */ = {
			isa = PBXGroup;
			children = (
				A6D2B11E1669F2D6000144D5 /* CalModel.cpp */,
				A6D2B11F1669F2D6000144D5 /* CalModel.h */,
			);
			name = cmodel;
			sourceTree = "<group>";
		};
		A6EEE6AC1662CBB900310568 /* parser */ = {
			isa = PBXGroup;
			children = (
				A6D2B13D166AB496000144D5 /* CalculusLexer.cpp */,
				A6D2B13E166AB496000144D5 /* CalculusLexer.h */,
				A6D2B13F166AB496000144D5 /* CalculusParser.cpp */,
				A6D2B12C166A64A6000144D5 /* CalculusParser.h */,
				A6D2B13B166A8900000144D5 /* CalculusParser.output */,
				A6D2B11A1669F21B000144D5 /* calculus.lpp */,
				A6D2B11C1669F22A000144D5 /* calculus.ypp */,
				A6D2B148166AB88F000144D5 /* FunctionParser.h */,
				A6D2B149166AB88F000144D5 /* FunctionParser.mm */,
			);
			name = parser;
			sourceTree = "<group>";
		};
		A6EEE6AD1662CC1D00310568 /* graph */ = {
			isa = PBXGroup;
			children = (
				A6CE38AD1665879A00EDC49A /* model */,
				A6EEE6AE1662FAFB00310568 /* OpenGLContext.h */,
				A6EEE6AF1662FAFB00310568 /* OpenGLContext.m */,
			);
			name = graph;
			sourceTree = "<group>";
		};
/* End PBXGroup section */

/* Begin PBXNativeTarget section */
		A676C09B164CC20E00C0F859 /* IDCalculator */ = {
			isa = PBXNativeTarget;
			buildConfigurationList = A676C0D8164CC20F00C0F859 /* Build configuration list for PBXNativeTarget "IDCalculator" */;
			buildPhases = (
				A676C09A164CC20E00C0F859 /* Resources */,
				A676C098164CC20E00C0F859 /* Sources */,
				A676C099164CC20E00C0F859 /* Frameworks */,
			);
			buildRules = (
				A6C6F56D165FD55800472E99 /* PBXBuildRule */,
				A6C6F56C165FD54A00472E99 /* PBXBuildRule */,
			);
			dependencies = (
			);
			name = IDCalculator;
			productName = IDCalculator;
			productReference = A676C09C164CC20E00C0F859 /* IDCalculator.app */;
			productType = "com.apple.product-type.application";
		};
		A676C0C5164CC20F00C0F859 /* IDCalculatorTests */ = {
			isa = PBXNativeTarget;
			buildConfigurationList = A676C0DB164CC20F00C0F859 /* Build configuration list for PBXNativeTarget "IDCalculatorTests" */;
			buildPhases = (
				A676C0C1164CC20F00C0F859 /* Sources */,
				A676C0C2164CC20F00C0F859 /* Frameworks */,
				A676C0C3164CC20F00C0F859 /* Resources */,
				A676C0C4164CC20F00C0F859 /* ShellScript */,
			);
			buildRules = (
			);
			dependencies = (
				A676C0CC164CC20F00C0F859 /* PBXTargetDependency */,
			);
			name = IDCalculatorTests;
			productName = IDCalculatorTests;
			productReference = A676C0C6164CC20F00C0F859 /* IDCalculatorTests.octest */;
			productType = "com.apple.product-type.bundle";
		};
/* End PBXNativeTarget section */

/* Begin PBXProject section */
		A676C093164CC20E00C0F859 /* Project object */ = {
			isa = PBXProject;
			attributes = {
				CLASSPREFIX = IDC;
				LastUpgradeCheck = 0450;
				ORGANIZATIONNAME = "Harper Jiang";
			};
			buildConfigurationList = A676C096164CC20E00C0F859 /* Build configuration list for PBXProject "IDCalculator" */;
			compatibilityVersion = "Xcode 3.2";
			developmentRegion = English;
			hasScannedForEncodings = 0;
			knownRegions = (
				en,
			);
			mainGroup = A676C091164CC20E00C0F859;
			productRefGroup = A676C09D164CC20E00C0F859 /* Products */;
			projectDirPath = "";
			projectRoot = "";
			targets = (
				A676C09B164CC20E00C0F859 /* IDCalculator */,
				A676C0C5164CC20F00C0F859 /* IDCalculatorTests */,
			);
		};
/* End PBXProject section */

/* Begin PBXResourcesBuildPhase section */
		A676C09A164CC20E00C0F859 /* Resources */ = {
			isa = PBXResourcesBuildPhase;
			buildActionMask = 2147483647;
			files = (
				A676C0AB164CC20E00C0F859 /* InfoPlist.strings in Resources */,
				A676C0BD164CC20E00C0F859 /* Storyboard_iPad.storyboard in Resources */,
				A676C109164CD25400C0F859 /* Storyboard_iPhone.storyboard in Resources */,
				A6EEE67F16616D5A00310568 /* icon.png in Resources */,
				A6EEE68B1661DD1200310568 /* ConsoleParser.output in Resources */,
				A6EEE69316627DA400310568 /* Default@2x.png in Resources */,
				A6EEE69516627F5800310568 /* Default.png in Resources */,
				A6EEE6A31662A36300310568 /* calculator_24.png in Resources */,
				A6EEE6A51662A36300310568 /* display_on_24.png in Resources */,
				A6EEE6A71662A36300310568 /* keyboard_24.png in Resources */,
				A6EEE6CD1663102F00310568 /* Settings.bundle in Resources */,
				A67CCA721669F024007561D9 /* Default-568h@2x.png in Resources */,
				A67CCA771669F093007561D9 /* Default-Landscape@2x~ipad.png in Resources */,
				A67CCA781669F093007561D9 /* Default-Landscape~ipad.png in Resources */,
				A67CCA791669F093007561D9 /* Default-Portrait@2x~ipad.png in Resources */,
				A67CCA7A1669F093007561D9 /* Default-Portrait~ipad.png in Resources */,
				A6D2B126166A6367000144D5 /* chart_line_24.png in Resources */,
				A6D2B127166A6367000144D5 /* concole_24.png in Resources */,
				A6D2B128166A6367000144D5 /* gear_24.png in Resources */,
				A6D2B13C166A8900000144D5 /* CalculusParser.output in Resources */,
			);
			runOnlyForDeploymentPostprocessing = 0;
		};
		A676C0C3164CC20F00C0F859 /* Resources */ = {
			isa = PBXResourcesBuildPhase;
			buildActionMask = 2147483647;
			files = (
				A676C0D2164CC20F00C0F859 /* InfoPlist.strings in Resources */,
			);
			runOnlyForDeploymentPostprocessing = 0;
		};
/* End PBXResourcesBuildPhase section */

/* Begin PBXShellScriptBuildPhase section */
		A676C0C4164CC20F00C0F859 /* ShellScript */ = {
			isa = PBXShellScriptBuildPhase;
			buildActionMask = 2147483647;
			files = (
			);
			inputPaths = (
			);
			outputPaths = (
			);
			runOnlyForDeploymentPostprocessing = 0;
			shellPath = /bin/sh;
			shellScript = "# Run the unit tests in this test bundle.\n\"${SYSTEM_DEVELOPER_DIR}/Tools/RunUnitTests\"\n";
		};
/* End PBXShellScriptBuildPhase section */

/* Begin PBXSourcesBuildPhase section */
		A676C098164CC20E00C0F859 /* Sources */ = {
			isa = PBXSourcesBuildPhase;
			buildActionMask = 2147483647;
			files = (
				A676C0AD164CC20E00C0F859 /* main.m in Sources */,
				A676C0B1164CC20E00C0F859 /* IDCAppDelegate.m in Sources */,
				A676C0C0164CC20E00C0F859 /* IDCViewController.m in Sources */,
				A676C0F4164CC36400C0F859 /* ArithmeticFunction.m in Sources */,
				A676C0F5164CC36400C0F859 /* BasicFunction.m in Sources */,
				A676C0F6164CC36400C0F859 /* CalculatorViewController.m in Sources */,
				A676C0F7164CC36400C0F859 /* Cleaner.m in Sources */,
				A676C0F8164CC36400C0F859 /* Constant.m in Sources */,
				A676C0F9164CC36400C0F859 /* ExpPowerFunction.m in Sources */,
				A676C0FA164CC36400C0F859 /* FractionConstant.m in Sources */,
				A676C0FB164CC36400C0F859 /* Function.m in Sources */,
				A676C0FC164CC36400C0F859 /* IntegerConstant.m in Sources */,
				A676C0FD164CC36400C0F859 /* PowerFunction.m in Sources */,
				A676C0FE164CC36400C0F859 /* Variable.m in Sources */,
				A6B9745E164DEDE5007E4AB4 /* GraphViewController.m in Sources */,
				A6B97461164DF411007E4AB4 /* ConsoleViewController.m in Sources */,
				A6B97465164E16B0007E4AB4 /* Matrix.m in Sources */,
				A6B97468164E1704007E4AB4 /* SquareMatrix.m in Sources */,
				A6B9746B164E17EB007E4AB4 /* Vector.m in Sources */,
				A6B9746E164E1A32007E4AB4 /* IDCConsole.mm in Sources */,
				A627E99216500A97001142D5 /* SpecialConstant.m in Sources */,
				A627E99816500AA4001142D5 /* ClearCommand.m in Sources */,
				A627E99916500AA4001142D5 /* Command.mm in Sources */,
				A67415611650266600C33D7C /* AssignCommand.m in Sources */,
				A67BC0101650C49400072670 /* ExpressionCommand.m in Sources */,
				A67BC0131650C53400072670 /* Expression.m in Sources */,
				A67BC0161651FF1800072670 /* ArithmeticExpression.m in Sources */,
				A67BC022165295A400072670 /* ConsoleIdentifier.m in Sources */,
				A67BC0301652F9BB00072670 /* VariableCommand.m in Sources */,
				A6C6F59C165FFB5100472E99 /* CModel.cpp in Sources */,
				A6C6F5CC16601F3D00472E99 /* CommandConverter.mm in Sources */,
				A6292C8A16605DFC00C2C554 /* Data.m in Sources */,
				A6292C9A166075B800C2C554 /* ExpressionList.m in Sources */,
				A639F25516609970000C5E02 /* Integer.m in Sources */,
				A639F2581660997C000C5E02 /* Number.m in Sources */,
				A639F25B16609995000C5E02 /* Fraction.m in Sources */,
				A639F25E1660A06C000C5E02 /* NumberData.m in Sources */,
				A6EEE6851661CD4900310568 /* FuncExpression.m in Sources */,
				A6EEE6B01662FAFB00310568 /* OpenGLContext.m in Sources */,
				A6EEE6D216645DBB00310568 /* HelpViewController.m in Sources */,
				A6CE38AB1665879500EDC49A /* GLESObject.m in Sources */,
				A6CE38B0166587CB00EDC49A /* GLESContainer.m in Sources */,
				A6D7DF131666FBD400D7B705 /* PadConsoleViewController.m in Sources */,
				A6D7DF16166709CD00D7B705 /* ViewHelper.m in Sources */,
				A6D2B1201669F2D6000144D5 /* CalModel.cpp in Sources */,
				A6D2B135166A66F2000144D5 /* ConsoleLexer.cpp in Sources */,
				A6D2B136166A66F2000144D5 /* ConsoleParser.cpp in Sources */,
				A6D2B140166AB497000144D5 /* CalculusLexer.cpp in Sources */,
				A6D2B141166AB497000144D5 /* CalculusParser.cpp in Sources */,
				A6D2B144166AB4DF000144D5 /* InteFunction.m in Sources */,
				A6D2B147166AB846000144D5 /* DiffFunction.m in Sources */,
				A6D2B14A166AB88F000144D5 /* FunctionParser.mm in Sources */,
			);
			runOnlyForDeploymentPostprocessing = 0;
		};
		A676C0C1164CC20F00C0F859 /* Sources */ = {
			isa = PBXSourcesBuildPhase;
			buildActionMask = 2147483647;
			files = (
				A676C0D5164CC20F00C0F859 /* IDCalculatorTests.m in Sources */,
				A676C106164CC58B00C0F859 /* FractionConstantTest.m in Sources */,
				A6B97475164E8CC1007E4AB4 /* MatrixTest.m in Sources */,
				A6DE83FE164EDDEC002F6FFA /* VectorTest.m in Sources */,
				A67BC01F165291DD00072670 /* IDCConsoleTest.m in Sources */,
				A67BC0291652B00100072670 /* ArithmeticExpressionTest.m in Sources */,
				A67BC02D1652C31700072670 /* AssignCommandTest.m in Sources */,
				A6C6F5CF1660237A00472E99 /* CommandConverterTest.mm in Sources */,
				A6CE38B41665B01700EDC49A /* GLESObjectTest.m in Sources */,
				A6AE35081665FE6000AEF12B /* FractionTest.m in Sources */,
			);
			runOnlyForDeploymentPostprocessing = 0;
		};
/* End PBXSourcesBuildPhase section */

/* Begin PBXTargetDependency section */
		A676C0CC164CC20F00C0F859 /* PBXTargetDependency */ = {
			isa = PBXTargetDependency;
			target = A676C09B164CC20E00C0F859 /* IDCalculator */;
			targetProxy = A676C0CB164CC20F00C0F859 /* PBXContainerItemProxy */;
		};
/* End PBXTargetDependency section */

/* Begin PBXVariantGroup section */
		A676C0A9164CC20E00C0F859 /* InfoPlist.strings */ = {
			isa = PBXVariantGroup;
			children = (
				A676C0AA164CC20E00C0F859 /* en */,
			);
			name = InfoPlist.strings;
			sourceTree = "<group>";
		};
		A676C0BB164CC20E00C0F859 /* Storyboard_iPad.storyboard */ = {
			isa = PBXVariantGroup;
			children = (
				A676C0BC164CC20E00C0F859 /* en */,
			);
			name = Storyboard_iPad.storyboard;
			sourceTree = "<group>";
		};
		A676C0D0164CC20F00C0F859 /* InfoPlist.strings */ = {
			isa = PBXVariantGroup;
			children = (
				A676C0D1164CC20F00C0F859 /* en */,
			);
			name = InfoPlist.strings;
			sourceTree = "<group>";
		};
/* End PBXVariantGroup section */

/* Begin XCBuildConfiguration section */
		A676C0D6164CC20F00C0F859 /* Debug */ = {
			isa = XCBuildConfiguration;
			buildSettings = {
				ALWAYS_SEARCH_USER_PATHS = NO;
				CLANG_CXX_LANGUAGE_STANDARD = "gnu++0x";
				CLANG_CXX_LIBRARY = "libc++";
				CLANG_ENABLE_OBJC_ARC = YES;
				CLANG_WARN_EMPTY_BODY = YES;
				CLANG_WARN__DUPLICATE_METHOD_MATCH = YES;
				"CODE_SIGN_IDENTITY[sdk=iphoneos*]" = "iPhone Developer";
				COPY_PHASE_STRIP = NO;
				GCC_C_LANGUAGE_STANDARD = gnu99;
				GCC_DYNAMIC_NO_PIC = NO;
				GCC_OPTIMIZATION_LEVEL = 0;
				GCC_PREPROCESSOR_DEFINITIONS = (
					"DEBUG=1",
					"$(inherited)",
				);
				GCC_SYMBOLS_PRIVATE_EXTERN = NO;
				GCC_WARN_ABOUT_RETURN_TYPE = YES;
				GCC_WARN_UNINITIALIZED_AUTOS = YES;
				GCC_WARN_UNUSED_VARIABLE = YES;
				IPHONEOS_DEPLOYMENT_TARGET = 6.0;
				ONLY_ACTIVE_ARCH = YES;
				SDKROOT = iphoneos;
				TARGETED_DEVICE_FAMILY = "1,2";
			};
			name = Debug;
		};
		A676C0D7164CC20F00C0F859 /* Release */ = {
			isa = XCBuildConfiguration;
			buildSettings = {
				ALWAYS_SEARCH_USER_PATHS = NO;
				CLANG_CXX_LANGUAGE_STANDARD = "gnu++0x";
				CLANG_CXX_LIBRARY = "libc++";
				CLANG_ENABLE_OBJC_ARC = YES;
				CLANG_WARN_EMPTY_BODY = YES;
				CLANG_WARN__DUPLICATE_METHOD_MATCH = YES;
				"CODE_SIGN_IDENTITY[sdk=iphoneos*]" = "iPhone Developer";
				COPY_PHASE_STRIP = YES;
				GCC_C_LANGUAGE_STANDARD = gnu99;
				GCC_WARN_ABOUT_RETURN_TYPE = YES;
				GCC_WARN_UNINITIALIZED_AUTOS = YES;
				GCC_WARN_UNUSED_VARIABLE = YES;
				IPHONEOS_DEPLOYMENT_TARGET = 6.0;
				OTHER_CFLAGS = "-DNS_BLOCK_ASSERTIONS=1";
				SDKROOT = iphoneos;
				TARGETED_DEVICE_FAMILY = "1,2";
				VALIDATE_PRODUCT = YES;
			};
			name = Release;
		};
		A676C0D9164CC20F00C0F859 /* Debug */ = {
			isa = XCBuildConfiguration;
			buildSettings = {
				GCC_PRECOMPILE_PREFIX_HEADER = YES;
				GCC_PREFIX_HEADER = "IDCalculator/IDCalculator-Prefix.pch";
				INFOPLIST_FILE = "IDCalculator/IDCalculator-Info.plist";
				PRODUCT_NAME = "$(TARGET_NAME)";
				TARGETED_DEVICE_FAMILY = "1,2";
				WRAPPER_EXTENSION = app;
			};
			name = Debug;
		};
		A676C0DA164CC20F00C0F859 /* Release */ = {
			isa = XCBuildConfiguration;
			buildSettings = {
				GCC_PRECOMPILE_PREFIX_HEADER = YES;
				GCC_PREFIX_HEADER = "IDCalculator/IDCalculator-Prefix.pch";
				INFOPLIST_FILE = "IDCalculator/IDCalculator-Info.plist";
				PRODUCT_NAME = "$(TARGET_NAME)";
				TARGETED_DEVICE_FAMILY = "1,2";
				WRAPPER_EXTENSION = app;
			};
			name = Release;
		};
		A676C0DC164CC20F00C0F859 /* Debug */ = {
			isa = XCBuildConfiguration;
			buildSettings = {
				BUNDLE_LOADER = "$(BUILT_PRODUCTS_DIR)/IDCalculator.app/IDCalculator";
				FRAMEWORK_SEARCH_PATHS = (
					"\"$(SDKROOT)/Developer/Library/Frameworks\"",
					"\"$(DEVELOPER_LIBRARY_DIR)/Frameworks\"",
				);
				GCC_PRECOMPILE_PREFIX_HEADER = YES;
				GCC_PREFIX_HEADER = "IDCalculator/IDCalculator-Prefix.pch";
				INFOPLIST_FILE = "IDCalculatorTests/IDCalculatorTests-Info.plist";
				PRODUCT_NAME = "$(TARGET_NAME)";
				TARGETED_DEVICE_FAMILY = 1;
				TEST_HOST = "$(BUNDLE_LOADER)";
				WRAPPER_EXTENSION = octest;
			};
			name = Debug;
		};
		A676C0DD164CC20F00C0F859 /* Release */ = {
			isa = XCBuildConfiguration;
			buildSettings = {
				BUNDLE_LOADER = "$(BUILT_PRODUCTS_DIR)/IDCalculator.app/IDCalculator";
				FRAMEWORK_SEARCH_PATHS = (
					"\"$(SDKROOT)/Developer/Library/Frameworks\"",
					"\"$(DEVELOPER_LIBRARY_DIR)/Frameworks\"",
				);
				GCC_PRECOMPILE_PREFIX_HEADER = YES;
				GCC_PREFIX_HEADER = "IDCalculator/IDCalculator-Prefix.pch";
				INFOPLIST_FILE = "IDCalculatorTests/IDCalculatorTests-Info.plist";
				PRODUCT_NAME = "$(TARGET_NAME)";
				TARGETED_DEVICE_FAMILY = 1;
				TEST_HOST = "$(BUNDLE_LOADER)";
				WRAPPER_EXTENSION = octest;
			};
			name = Release;
		};
/* End XCBuildConfiguration section */

/* Begin XCConfigurationList section */
		A676C096164CC20E00C0F859 /* Build configuration list for PBXProject "IDCalculator" */ = {
			isa = XCConfigurationList;
			buildConfigurations = (
				A676C0D6164CC20F00C0F859 /* Debug */,
				A676C0D7164CC20F00C0F859 /* Release */,
			);
			defaultConfigurationIsVisible = 0;
			defaultConfigurationName = Release;
		};
		A676C0D8164CC20F00C0F859 /* Build configuration list for PBXNativeTarget "IDCalculator" */ = {
			isa = XCConfigurationList;
			buildConfigurations = (
				A676C0D9164CC20F00C0F859 /* Debug */,
				A676C0DA164CC20F00C0F859 /* Release */,
			);
			defaultConfigurationIsVisible = 0;
			defaultConfigurationName = Release;
		};
		A676C0DB164CC20F00C0F859 /* Build configuration list for PBXNativeTarget "IDCalculatorTests" */ = {
			isa = XCConfigurationList;
			buildConfigurations = (
				A676C0DC164CC20F00C0F859 /* Debug */,
				A676C0DD164CC20F00C0F859 /* Release */,
			);
			defaultConfigurationIsVisible = 0;
			defaultConfigurationName = Release;
		};
/* End XCConfigurationList section */
	};
	rootObject = A676C093164CC20E00C0F859 /* Project object */;
}
